// !$*UTF8*$!
{
	archiveVersion = 1;
	classes = {
	};
	objectVersion = 56;
	objects = {

/* Begin PBXBuildFile section */
		04083A172AFB562E00C7DB1E /* PLVVideoNetwork.m in Sources */ = {isa = PBXBuildFile; fileRef = 04083A162AFB562E00C7DB1E /* PLVVideoNetwork.m */; };
		040CBF212A8F47CA00AD215A /* PLVLCMediaBrightnessView.m in Sources */ = {isa = PBXBuildFile; fileRef = 040CBEF32A8F47CA00AD215A /* PLVLCMediaBrightnessView.m */; };
		040CBF2F2A8F47CA00AD215A /* PLVLCMediaProgressView.m in Sources */ = {isa = PBXBuildFile; fileRef = 040CBF172A8F47CA00AD215A /* PLVLCMediaProgressView.m */; };
		040CBF752A8F708F00AD215A /* PLVProgressSlider.m in Sources */ = {isa = PBXBuildFile; fileRef = 040CBF732A8F708F00AD215A /* PLVProgressSlider.m */; };
		04193B132B207A0C009EDC2E /* PLVNavigationController.m in Sources */ = {isa = PBXBuildFile; fileRef = 04193B122B207A0C009EDC2E /* PLVNavigationController.m */; };
		041A4D9E2AB2B87D00E62202 /* PLVShortVideoMediaPlayerSkinContainer.m in Sources */ = {isa = PBXBuildFile; fileRef = 041A4D9D2AB2B87D00E62202 /* PLVShortVideoMediaPlayerSkinContainer.m */; };
		0434EE442AB85394008A4DB1 /* PLVMediaPlayerState.m in Sources */ = {isa = PBXBuildFile; fileRef = 0434EE432AB85394008A4DB1 /* PLVMediaPlayerState.m */; };
		0437D2C42AA5F1D900AED404 /* PLVFeedItemView.m in Sources */ = {isa = PBXBuildFile; fileRef = 0437D2BF2AA5F1D900AED404 /* PLVFeedItemView.m */; };
		0437D2C52AA5F1D900AED404 /* PLVFeedView.m in Sources */ = {isa = PBXBuildFile; fileRef = 0437D2C32AA5F1D900AED404 /* PLVFeedView.m */; };
		0437D2C82AA5F21700AED404 /* PLVDemoVideoFeedViewController.m in Sources */ = {isa = PBXBuildFile; fileRef = 0437D2C72AA5F21700AED404 /* PLVDemoVideoFeedViewController.m */; };
		0437D2CE2AA5F51200AED404 /* PLVFeedData.m in Sources */ = {isa = PBXBuildFile; fileRef = 0437D2CD2AA5F51200AED404 /* PLVFeedData.m */; };
		045FE00D2A8C580200F957C7 /* AppDelegate.m in Sources */ = {isa = PBXBuildFile; fileRef = 045FE00C2A8C580200F957C7 /* AppDelegate.m */; };
		045FE0102A8C580200F957C7 /* SceneDelegate.m in Sources */ = {isa = PBXBuildFile; fileRef = 045FE00F2A8C580200F957C7 /* SceneDelegate.m */; };
		045FE0132A8C580200F957C7 /* PLVEntranceViewController.m in Sources */ = {isa = PBXBuildFile; fileRef = 045FE0122A8C580200F957C7 /* PLVEntranceViewController.m */; };
		045FE0162A8C580200F957C7 /* Main.storyboard in Resources */ = {isa = PBXBuildFile; fileRef = 045FE0142A8C580200F957C7 /* Main.storyboard */; };
		045FE0182A8C580300F957C7 /* Assets.xcassets in Resources */ = {isa = PBXBuildFile; fileRef = 045FE0172A8C580300F957C7 /* Assets.xcassets */; };
		045FE01B2A8C580300F957C7 /* LaunchScreen.storyboard in Resources */ = {isa = PBXBuildFile; fileRef = 045FE0192A8C580300F957C7 /* LaunchScreen.storyboard */; };
		045FE01E2A8C580300F957C7 /* main.m in Sources */ = {isa = PBXBuildFile; fileRef = 045FE01D2A8C580300F957C7 /* main.m */; };
		045FE1262A8CA07A00F957C7 /* PolyvMediaPlayerSDK.framework in Frameworks */ = {isa = PBXBuildFile; fileRef = 045FE0F32A8C823B00F957C7 /* PolyvMediaPlayerSDK.framework */; };
		046A34C72AAC9E3A00933D64 /* PLVDemoVodMediaViewController.m in Sources */ = {isa = PBXBuildFile; fileRef = 046A34C62AAC9E3A00933D64 /* PLVDemoVodMediaViewController.m */; };
		046A34CA2AAD801800933D64 /* PLVMediaPlayerSkinMoreView.m in Sources */ = {isa = PBXBuildFile; fileRef = 046A34C92AAD801800933D64 /* PLVMediaPlayerSkinMoreView.m */; };
		046A34CD2AAD806600933D64 /* PLVMediaPlayerSkinOutMoreView.m in Sources */ = {isa = PBXBuildFile; fileRef = 046A34CC2AAD806600933D64 /* PLVMediaPlayerSkinOutMoreView.m */; };
		046A34E22AAEA8D300933D64 /* PLVMediaPlayerSkinAudioModeView.m in Sources */ = {isa = PBXBuildFile; fileRef = 046A34E12AAEA8D300933D64 /* PLVMediaPlayerSkinAudioModeView.m */; };
		046A34E52AAEA91400933D64 /* PLVMediaPlayerSkinLockScreenView.m in Sources */ = {isa = PBXBuildFile; fileRef = 046A34E42AAEA91400933D64 /* PLVMediaPlayerSkinLockScreenView.m */; };
		046A34E82AAEAA1300933D64 /* PLVMediaPlayerSkinDefinitionView.m in Sources */ = {isa = PBXBuildFile; fileRef = 046A34E72AAEAA1300933D64 /* PLVMediaPlayerSkinDefinitionView.m */; };
		046A34EB2AAEAA5900933D64 /* PLVMediaPlayerSkinPlaybackRateView.m in Sources */ = {isa = PBXBuildFile; fileRef = 046A34EA2AAEAA5900933D64 /* PLVMediaPlayerSkinPlaybackRateView.m */; };
		048850762B10924F00717363 /* PLVTabBarViewController.m in Sources */ = {isa = PBXBuildFile; fileRef = 048850752B10924F00717363 /* PLVTabBarViewController.m */; };
		04B0C0052B171F520007E5BA /* PLVVodMediaAreaVC.m in Sources */ = {isa = PBXBuildFile; fileRef = 04B0C0032B171F510007E5BA /* PLVVodMediaAreaVC.m */; };
		04B0C0062B171F520007E5BA /* PLVVodMediaPlayerSkinContainerView.m in Sources */ = {isa = PBXBuildFile; fileRef = 04B0C0012B171F510007E5BA /* PLVVodMediaPlayerSkinContainerView.m */; };
		04B0C00C2B172C180007E5BA /* PLVOrientationUtil.m in Sources */ = {isa = PBXBuildFile; fileRef = 04B0C00B2B172C180007E5BA /* PLVOrientationUtil.m */; };
		04B8A9DC2A9E239900F861AC /* PLVShortVideoMediaAreaVC.m in Sources */ = {isa = PBXBuildFile; fileRef = 04B8A9DB2A9E239900F861AC /* PLVShortVideoMediaAreaVC.m */; };
		04B8A9DF2A9F240F00F861AC /* PLVMediaAreaBaseSkinView.m in Sources */ = {isa = PBXBuildFile; fileRef = 04B8A9DE2A9F240F00F861AC /* PLVMediaAreaBaseSkinView.m */; };
		04B8A9E22A9F244700F861AC /* PLVMediaAreaLandscapeFullSkinView.m in Sources */ = {isa = PBXBuildFile; fileRef = 04B8A9E12A9F244700F861AC /* PLVMediaAreaLandscapeFullSkinView.m */; };
		04B8A9E52A9F249A00F861AC /* PLVMediaAreaPortraitHalfSkinView.m in Sources */ = {isa = PBXBuildFile; fileRef = 04B8A9E42A9F249A00F861AC /* PLVMediaAreaPortraitHalfSkinView.m */; };
		04B8A9E82A9F5A1F00F861AC /* PLVMediaAreaPortraitFullSkinView.m in Sources */ = {isa = PBXBuildFile; fileRef = 04B8A9E72A9F5A1F00F861AC /* PLVMediaAreaPortraitFullSkinView.m */; };
		04C1CCE82AE8A52D006446AD /* PLVToast.m in Sources */ = {isa = PBXBuildFile; fileRef = 04C1CCE72AE8A52D006446AD /* PLVToast.m */; };
		04C1CCEC2AE8A6E5006446AD /* PLVVodErrorUtil.m in Sources */ = {isa = PBXBuildFile; fileRef = 04C1CCEB2AE8A6E5006446AD /* PLVVodErrorUtil.m */; };
		04DCA74A2AB066ED00CF6BEC /* PLVMediaPlayer.xcassets in Resources */ = {isa = PBXBuildFile; fileRef = 04DCA7492AB066ED00CF6BEC /* PLVMediaPlayer.xcassets */; };
		04DCA74E2AB06F2600CF6BEC /* UIImage+Tint.m in Sources */ = {isa = PBXBuildFile; fileRef = 04DCA74D2AB06F2600CF6BEC /* UIImage+Tint.m */; };
		04E5E6322ACEF74A0039CDA2 /* PLVPictureInPictureRestoreManager.m in Sources */ = {isa = PBXBuildFile; fileRef = 04E5E6312ACEF74A0039CDA2 /* PLVPictureInPictureRestoreManager.m */; };
		04F3B97E2AD278150047BE42 /* PLVMediaPlayerSkinLoopPlayView.m in Sources */ = {isa = PBXBuildFile; fileRef = 04F3B97D2AD278150047BE42 /* PLVMediaPlayerSkinLoopPlayView.m */; };
		04F3B9812AD29CC40047BE42 /* PLVMediaPlayerSkinFastForwardView.m in Sources */ = {isa = PBXBuildFile; fileRef = 04F3B9802AD29CC40047BE42 /* PLVMediaPlayerSkinFastForwardView.m */; };
		56BE4523A2F809F6E55AC20E /* libPods-PolyvIOSMediaPlayerDemo.a in Frameworks */ = {isa = PBXBuildFile; fileRef = C30E5C0E0D2AA9CD588F85F3 /* libPods-PolyvIOSMediaPlayerDemo.a */; };
		65D91E892AA972D6007954C7 /* PLVFeedDataManager.m in Sources */ = {isa = PBXBuildFile; fileRef = 65D91E882AA972D6007954C7 /* PLVFeedDataManager.m */; };
		65D91E8C2AA974BB007954C7 /* PLVShortVideoFeedDataManager.m in Sources */ = {isa = PBXBuildFile; fileRef = 65D91E8B2AA974BB007954C7 /* PLVShortVideoFeedDataManager.m */; };
/* End PBXBuildFile section */

/* Begin PBXCopyFilesBuildPhase section */
		045FE1282A8CA07B00F957C7 /* Embed Frameworks */ = {
			isa = PBXCopyFilesBuildPhase;
			buildActionMask = 2147483647;
			dstPath = "";
			dstSubfolderSpec = 10;
			files = (
			);
			name = "Embed Frameworks";
			runOnlyForDeploymentPostprocessing = 0;
		};
/* End PBXCopyFilesBuildPhase section */

/* Begin PBXFileReference section */
		04083A152AFB562E00C7DB1E /* PLVVideoNetwork.h */ = {isa = PBXFileReference; lastKnownFileType = sourcecode.c.h; path = PLVVideoNetwork.h; sourceTree = "<group>"; };
		04083A162AFB562E00C7DB1E /* PLVVideoNetwork.m */ = {isa = PBXFileReference; lastKnownFileType = sourcecode.c.objc; path = PLVVideoNetwork.m; sourceTree = "<group>"; };
		040CBEF22A8F47CA00AD215A /* PLVLCMediaBrightnessView.h */ = {isa = PBXFileReference; fileEncoding = 4; lastKnownFileType = sourcecode.c.h; path = PLVLCMediaBrightnessView.h; sourceTree = "<group>"; };
		040CBEF32A8F47CA00AD215A /* PLVLCMediaBrightnessView.m */ = {isa = PBXFileReference; fileEncoding = 4; lastKnownFileType = sourcecode.c.objc; path = PLVLCMediaBrightnessView.m; sourceTree = "<group>"; };
		040CBF172A8F47CA00AD215A /* PLVLCMediaProgressView.m */ = {isa = PBXFileReference; fileEncoding = 4; lastKnownFileType = sourcecode.c.objc; path = PLVLCMediaProgressView.m; sourceTree = "<group>"; };
		040CBF182A8F47CA00AD215A /* PLVLCMediaProgressView.h */ = {isa = PBXFileReference; fileEncoding = 4; lastKnownFileType = sourcecode.c.h; path = PLVLCMediaProgressView.h; sourceTree = "<group>"; };
		040CBF732A8F708F00AD215A /* PLVProgressSlider.m */ = {isa = PBXFileReference; fileEncoding = 4; lastKnownFileType = sourcecode.c.objc; path = PLVProgressSlider.m; sourceTree = "<group>"; };
		040CBF742A8F708F00AD215A /* PLVProgressSlider.h */ = {isa = PBXFileReference; fileEncoding = 4; lastKnownFileType = sourcecode.c.h; path = PLVProgressSlider.h; sourceTree = "<group>"; };
		04193B112B207A0C009EDC2E /* PLVNavigationController.h */ = {isa = PBXFileReference; lastKnownFileType = sourcecode.c.h; path = PLVNavigationController.h; sourceTree = "<group>"; };
		04193B122B207A0C009EDC2E /* PLVNavigationController.m */ = {isa = PBXFileReference; lastKnownFileType = sourcecode.c.objc; path = PLVNavigationController.m; sourceTree = "<group>"; };
		041A4D9C2AB2B87D00E62202 /* PLVShortVideoMediaPlayerSkinContainer.h */ = {isa = PBXFileReference; lastKnownFileType = sourcecode.c.h; path = PLVShortVideoMediaPlayerSkinContainer.h; sourceTree = "<group>"; };
		041A4D9D2AB2B87D00E62202 /* PLVShortVideoMediaPlayerSkinContainer.m */ = {isa = PBXFileReference; lastKnownFileType = sourcecode.c.objc; path = PLVShortVideoMediaPlayerSkinContainer.m; sourceTree = "<group>"; };
		0434EE422AB85394008A4DB1 /* PLVMediaPlayerState.h */ = {isa = PBXFileReference; lastKnownFileType = sourcecode.c.h; path = PLVMediaPlayerState.h; sourceTree = "<group>"; };
		0434EE432AB85394008A4DB1 /* PLVMediaPlayerState.m */ = {isa = PBXFileReference; lastKnownFileType = sourcecode.c.objc; path = PLVMediaPlayerState.m; sourceTree = "<group>"; };
		0437D2BF2AA5F1D900AED404 /* PLVFeedItemView.m */ = {isa = PBXFileReference; fileEncoding = 4; lastKnownFileType = sourcecode.c.objc; path = PLVFeedItemView.m; sourceTree = "<group>"; };
		0437D2C02AA5F1D900AED404 /* PLVFeedView.h */ = {isa = PBXFileReference; fileEncoding = 4; lastKnownFileType = sourcecode.c.h; path = PLVFeedView.h; sourceTree = "<group>"; };
		0437D2C12AA5F1D900AED404 /* PLVFeedItemView.h */ = {isa = PBXFileReference; fileEncoding = 4; lastKnownFileType = sourcecode.c.h; path = PLVFeedItemView.h; sourceTree = "<group>"; };
		0437D2C22AA5F1D900AED404 /* PLVFeedViewDefine.h */ = {isa = PBXFileReference; fileEncoding = 4; lastKnownFileType = sourcecode.c.h; path = PLVFeedViewDefine.h; sourceTree = "<group>"; };
		0437D2C32AA5F1D900AED404 /* PLVFeedView.m */ = {isa = PBXFileReference; fileEncoding = 4; lastKnownFileType = sourcecode.c.objc; path = PLVFeedView.m; sourceTree = "<group>"; };
		0437D2C62AA5F21700AED404 /* PLVDemoVideoFeedViewController.h */ = {isa = PBXFileReference; lastKnownFileType = sourcecode.c.h; path = PLVDemoVideoFeedViewController.h; sourceTree = "<group>"; };
		0437D2C72AA5F21700AED404 /* PLVDemoVideoFeedViewController.m */ = {isa = PBXFileReference; lastKnownFileType = sourcecode.c.objc; path = PLVDemoVideoFeedViewController.m; sourceTree = "<group>"; };
		0437D2CC2AA5F51200AED404 /* PLVFeedData.h */ = {isa = PBXFileReference; lastKnownFileType = sourcecode.c.h; path = PLVFeedData.h; sourceTree = "<group>"; };
		0437D2CD2AA5F51200AED404 /* PLVFeedData.m */ = {isa = PBXFileReference; lastKnownFileType = sourcecode.c.objc; path = PLVFeedData.m; sourceTree = "<group>"; };
		045FE0082A8C580200F957C7 /* PolyvIOSMediaPlayerDemo.app */ = {isa = PBXFileReference; explicitFileType = wrapper.application; includeInIndex = 0; path = PolyvIOSMediaPlayerDemo.app; sourceTree = BUILT_PRODUCTS_DIR; };
		045FE00B2A8C580200F957C7 /* AppDelegate.h */ = {isa = PBXFileReference; lastKnownFileType = sourcecode.c.h; path = AppDelegate.h; sourceTree = "<group>"; };
		045FE00C2A8C580200F957C7 /* AppDelegate.m */ = {isa = PBXFileReference; lastKnownFileType = sourcecode.c.objc; path = AppDelegate.m; sourceTree = "<group>"; };
		045FE00E2A8C580200F957C7 /* SceneDelegate.h */ = {isa = PBXFileReference; lastKnownFileType = sourcecode.c.h; path = SceneDelegate.h; sourceTree = "<group>"; };
		045FE00F2A8C580200F957C7 /* SceneDelegate.m */ = {isa = PBXFileReference; lastKnownFileType = sourcecode.c.objc; path = SceneDelegate.m; sourceTree = "<group>"; };
		045FE0112A8C580200F957C7 /* PLVEntranceViewController.h */ = {isa = PBXFileReference; lastKnownFileType = sourcecode.c.h; path = PLVEntranceViewController.h; sourceTree = "<group>"; };
		045FE0122A8C580200F957C7 /* PLVEntranceViewController.m */ = {isa = PBXFileReference; lastKnownFileType = sourcecode.c.objc; path = PLVEntranceViewController.m; sourceTree = "<group>"; };
		045FE0152A8C580200F957C7 /* Base */ = {isa = PBXFileReference; lastKnownFileType = file.storyboard; name = Base; path = Base.lproj/Main.storyboard; sourceTree = "<group>"; };
		045FE0172A8C580300F957C7 /* Assets.xcassets */ = {isa = PBXFileReference; lastKnownFileType = folder.assetcatalog; path = Assets.xcassets; sourceTree = "<group>"; };
		045FE01A2A8C580300F957C7 /* Base */ = {isa = PBXFileReference; lastKnownFileType = file.storyboard; name = Base; path = Base.lproj/LaunchScreen.storyboard; sourceTree = "<group>"; };
		045FE01C2A8C580300F957C7 /* Info.plist */ = {isa = PBXFileReference; lastKnownFileType = text.plist.xml; path = Info.plist; sourceTree = "<group>"; };
		045FE01D2A8C580300F957C7 /* main.m */ = {isa = PBXFileReference; lastKnownFileType = sourcecode.c.objc; path = main.m; sourceTree = "<group>"; };
		045FE0F32A8C823B00F957C7 /* PolyvMediaPlayerSDK.framework */ = {isa = PBXFileReference; explicitFileType = wrapper.framework; path = PolyvMediaPlayerSDK.framework; sourceTree = BUILT_PRODUCTS_DIR; };
		045FE0F52A8C98A700F957C7 /* PrefixHeader.pch */ = {isa = PBXFileReference; fileEncoding = 4; lastKnownFileType = sourcecode.c.h; path = PrefixHeader.pch; sourceTree = "<group>"; };
		046A34C52AAC9E3A00933D64 /* PLVDemoVodMediaViewController.h */ = {isa = PBXFileReference; lastKnownFileType = sourcecode.c.h; path = PLVDemoVodMediaViewController.h; sourceTree = "<group>"; };
		046A34C62AAC9E3A00933D64 /* PLVDemoVodMediaViewController.m */ = {isa = PBXFileReference; lastKnownFileType = sourcecode.c.objc; path = PLVDemoVodMediaViewController.m; sourceTree = "<group>"; };
		046A34C82AAD801800933D64 /* PLVMediaPlayerSkinMoreView.h */ = {isa = PBXFileReference; lastKnownFileType = sourcecode.c.h; path = PLVMediaPlayerSkinMoreView.h; sourceTree = "<group>"; };
		046A34C92AAD801800933D64 /* PLVMediaPlayerSkinMoreView.m */ = {isa = PBXFileReference; lastKnownFileType = sourcecode.c.objc; path = PLVMediaPlayerSkinMoreView.m; sourceTree = "<group>"; };
		046A34CB2AAD806600933D64 /* PLVMediaPlayerSkinOutMoreView.h */ = {isa = PBXFileReference; lastKnownFileType = sourcecode.c.h; path = PLVMediaPlayerSkinOutMoreView.h; sourceTree = "<group>"; };
		046A34CC2AAD806600933D64 /* PLVMediaPlayerSkinOutMoreView.m */ = {isa = PBXFileReference; lastKnownFileType = sourcecode.c.objc; path = PLVMediaPlayerSkinOutMoreView.m; sourceTree = "<group>"; };
		046A34E02AAEA8D300933D64 /* PLVMediaPlayerSkinAudioModeView.h */ = {isa = PBXFileReference; lastKnownFileType = sourcecode.c.h; path = PLVMediaPlayerSkinAudioModeView.h; sourceTree = "<group>"; };
		046A34E12AAEA8D300933D64 /* PLVMediaPlayerSkinAudioModeView.m */ = {isa = PBXFileReference; lastKnownFileType = sourcecode.c.objc; path = PLVMediaPlayerSkinAudioModeView.m; sourceTree = "<group>"; };
		046A34E32AAEA91400933D64 /* PLVMediaPlayerSkinLockScreenView.h */ = {isa = PBXFileReference; lastKnownFileType = sourcecode.c.h; path = PLVMediaPlayerSkinLockScreenView.h; sourceTree = "<group>"; };
		046A34E42AAEA91400933D64 /* PLVMediaPlayerSkinLockScreenView.m */ = {isa = PBXFileReference; lastKnownFileType = sourcecode.c.objc; path = PLVMediaPlayerSkinLockScreenView.m; sourceTree = "<group>"; };
		046A34E62AAEAA1300933D64 /* PLVMediaPlayerSkinDefinitionView.h */ = {isa = PBXFileReference; lastKnownFileType = sourcecode.c.h; path = PLVMediaPlayerSkinDefinitionView.h; sourceTree = "<group>"; };
		046A34E72AAEAA1300933D64 /* PLVMediaPlayerSkinDefinitionView.m */ = {isa = PBXFileReference; lastKnownFileType = sourcecode.c.objc; path = PLVMediaPlayerSkinDefinitionView.m; sourceTree = "<group>"; };
		046A34E92AAEAA5900933D64 /* PLVMediaPlayerSkinPlaybackRateView.h */ = {isa = PBXFileReference; lastKnownFileType = sourcecode.c.h; path = PLVMediaPlayerSkinPlaybackRateView.h; sourceTree = "<group>"; };
		046A34EA2AAEAA5900933D64 /* PLVMediaPlayerSkinPlaybackRateView.m */ = {isa = PBXFileReference; lastKnownFileType = sourcecode.c.objc; path = PLVMediaPlayerSkinPlaybackRateView.m; sourceTree = "<group>"; };
		048850742B10924F00717363 /* PLVTabBarViewController.h */ = {isa = PBXFileReference; lastKnownFileType = sourcecode.c.h; path = PLVTabBarViewController.h; sourceTree = "<group>"; };
		048850752B10924F00717363 /* PLVTabBarViewController.m */ = {isa = PBXFileReference; lastKnownFileType = sourcecode.c.objc; path = PLVTabBarViewController.m; sourceTree = "<group>"; };
		04B0C0012B171F510007E5BA /* PLVVodMediaPlayerSkinContainerView.m */ = {isa = PBXFileReference; lastKnownFileType = sourcecode.c.objc; path = PLVVodMediaPlayerSkinContainerView.m; sourceTree = "<group>"; };
		04B0C0022B171F510007E5BA /* PLVVodMediaPlayerSkinContainerView.h */ = {isa = PBXFileReference; lastKnownFileType = sourcecode.c.h; path = PLVVodMediaPlayerSkinContainerView.h; sourceTree = "<group>"; };
		04B0C0032B171F510007E5BA /* PLVVodMediaAreaVC.m */ = {isa = PBXFileReference; lastKnownFileType = sourcecode.c.objc; path = PLVVodMediaAreaVC.m; sourceTree = "<group>"; };
		04B0C0042B171F520007E5BA /* PLVVodMediaAreaVC.h */ = {isa = PBXFileReference; lastKnownFileType = sourcecode.c.h; path = PLVVodMediaAreaVC.h; sourceTree = "<group>"; };
		04B0C00A2B172C180007E5BA /* PLVOrientationUtil.h */ = {isa = PBXFileReference; lastKnownFileType = sourcecode.c.h; path = PLVOrientationUtil.h; sourceTree = "<group>"; };
		04B0C00B2B172C180007E5BA /* PLVOrientationUtil.m */ = {isa = PBXFileReference; lastKnownFileType = sourcecode.c.objc; path = PLVOrientationUtil.m; sourceTree = "<group>"; };
		04B8A9DA2A9E239900F861AC /* PLVShortVideoMediaAreaVC.h */ = {isa = PBXFileReference; lastKnownFileType = sourcecode.c.h; path = PLVShortVideoMediaAreaVC.h; sourceTree = "<group>"; };
		04B8A9DB2A9E239900F861AC /* PLVShortVideoMediaAreaVC.m */ = {isa = PBXFileReference; lastKnownFileType = sourcecode.c.objc; path = PLVShortVideoMediaAreaVC.m; sourceTree = "<group>"; };
		04B8A9DD2A9F240F00F861AC /* PLVMediaAreaBaseSkinView.h */ = {isa = PBXFileReference; lastKnownFileType = sourcecode.c.h; path = PLVMediaAreaBaseSkinView.h; sourceTree = "<group>"; };
		04B8A9DE2A9F240F00F861AC /* PLVMediaAreaBaseSkinView.m */ = {isa = PBXFileReference; lastKnownFileType = sourcecode.c.objc; path = PLVMediaAreaBaseSkinView.m; sourceTree = "<group>"; };
		04B8A9E02A9F244700F861AC /* PLVMediaAreaLandscapeFullSkinView.h */ = {isa = PBXFileReference; lastKnownFileType = sourcecode.c.h; path = PLVMediaAreaLandscapeFullSkinView.h; sourceTree = "<group>"; };
		04B8A9E12A9F244700F861AC /* PLVMediaAreaLandscapeFullSkinView.m */ = {isa = PBXFileReference; lastKnownFileType = sourcecode.c.objc; path = PLVMediaAreaLandscapeFullSkinView.m; sourceTree = "<group>"; };
		04B8A9E32A9F249A00F861AC /* PLVMediaAreaPortraitHalfSkinView.h */ = {isa = PBXFileReference; lastKnownFileType = sourcecode.c.h; path = PLVMediaAreaPortraitHalfSkinView.h; sourceTree = "<group>"; };
		04B8A9E42A9F249A00F861AC /* PLVMediaAreaPortraitHalfSkinView.m */ = {isa = PBXFileReference; lastKnownFileType = sourcecode.c.objc; path = PLVMediaAreaPortraitHalfSkinView.m; sourceTree = "<group>"; };
		04B8A9E62A9F5A1F00F861AC /* PLVMediaAreaPortraitFullSkinView.h */ = {isa = PBXFileReference; lastKnownFileType = sourcecode.c.h; path = PLVMediaAreaPortraitFullSkinView.h; sourceTree = "<group>"; };
		04B8A9E72A9F5A1F00F861AC /* PLVMediaAreaPortraitFullSkinView.m */ = {isa = PBXFileReference; lastKnownFileType = sourcecode.c.objc; path = PLVMediaAreaPortraitFullSkinView.m; sourceTree = "<group>"; };
		04C1CCE62AE8A52D006446AD /* PLVToast.h */ = {isa = PBXFileReference; lastKnownFileType = sourcecode.c.h; path = PLVToast.h; sourceTree = "<group>"; };
		04C1CCE72AE8A52D006446AD /* PLVToast.m */ = {isa = PBXFileReference; lastKnownFileType = sourcecode.c.objc; path = PLVToast.m; sourceTree = "<group>"; };
		04C1CCEA2AE8A6E5006446AD /* PLVVodErrorUtil.h */ = {isa = PBXFileReference; lastKnownFileType = sourcecode.c.h; path = PLVVodErrorUtil.h; sourceTree = "<group>"; };
		04C1CCEB2AE8A6E5006446AD /* PLVVodErrorUtil.m */ = {isa = PBXFileReference; lastKnownFileType = sourcecode.c.objc; path = PLVVodErrorUtil.m; sourceTree = "<group>"; };
		04DCA7492AB066ED00CF6BEC /* PLVMediaPlayer.xcassets */ = {isa = PBXFileReference; lastKnownFileType = folder.assetcatalog; path = PLVMediaPlayer.xcassets; sourceTree = "<group>"; };
		04DCA74C2AB06F2600CF6BEC /* UIImage+Tint.h */ = {isa = PBXFileReference; lastKnownFileType = sourcecode.c.h; path = "UIImage+Tint.h"; sourceTree = "<group>"; };
		04DCA74D2AB06F2600CF6BEC /* UIImage+Tint.m */ = {isa = PBXFileReference; lastKnownFileType = sourcecode.c.objc; path = "UIImage+Tint.m"; sourceTree = "<group>"; };
		04E5E6302ACEF74A0039CDA2 /* PLVPictureInPictureRestoreManager.h */ = {isa = PBXFileReference; lastKnownFileType = sourcecode.c.h; path = PLVPictureInPictureRestoreManager.h; sourceTree = "<group>"; };
		04E5E6312ACEF74A0039CDA2 /* PLVPictureInPictureRestoreManager.m */ = {isa = PBXFileReference; lastKnownFileType = sourcecode.c.objc; path = PLVPictureInPictureRestoreManager.m; sourceTree = "<group>"; };
		04F3B97C2AD278150047BE42 /* PLVMediaPlayerSkinLoopPlayView.h */ = {isa = PBXFileReference; lastKnownFileType = sourcecode.c.h; path = PLVMediaPlayerSkinLoopPlayView.h; sourceTree = "<group>"; };
		04F3B97D2AD278150047BE42 /* PLVMediaPlayerSkinLoopPlayView.m */ = {isa = PBXFileReference; lastKnownFileType = sourcecode.c.objc; path = PLVMediaPlayerSkinLoopPlayView.m; sourceTree = "<group>"; };
		04F3B97F2AD29CC40047BE42 /* PLVMediaPlayerSkinFastForwardView.h */ = {isa = PBXFileReference; lastKnownFileType = sourcecode.c.h; path = PLVMediaPlayerSkinFastForwardView.h; sourceTree = "<group>"; };
		04F3B9802AD29CC40047BE42 /* PLVMediaPlayerSkinFastForwardView.m */ = {isa = PBXFileReference; lastKnownFileType = sourcecode.c.objc; path = PLVMediaPlayerSkinFastForwardView.m; sourceTree = "<group>"; };
		2BEC71CCED6E151081F4BD9C /* Pods_mediaplayer_PolyvIOSMediaPlayerDemo.framework */ = {isa = PBXFileReference; explicitFileType = wrapper.framework; includeInIndex = 0; path = Pods_mediaplayer_PolyvIOSMediaPlayerDemo.framework; sourceTree = BUILT_PRODUCTS_DIR; };
		3330428C49C946D1A4898BBE /* Pods-PolyvIOSMediaPlayerDemo.release.xcconfig */ = {isa = PBXFileReference; includeInIndex = 1; lastKnownFileType = text.xcconfig; name = "Pods-PolyvIOSMediaPlayerDemo.release.xcconfig"; path = "Target Support Files/Pods-PolyvIOSMediaPlayerDemo/Pods-PolyvIOSMediaPlayerDemo.release.xcconfig"; sourceTree = "<group>"; };
		5CC5BBAF929D4B4D7046778D /* Pods-mediaplayer-PolyvIOSMediaPlayerDemo.release.xcconfig */ = {isa = PBXFileReference; includeInIndex = 1; lastKnownFileType = text.xcconfig; name = "Pods-mediaplayer-PolyvIOSMediaPlayerDemo.release.xcconfig"; path = "Target Support Files/Pods-mediaplayer-PolyvIOSMediaPlayerDemo/Pods-mediaplayer-PolyvIOSMediaPlayerDemo.release.xcconfig"; sourceTree = "<group>"; };
		65D91E872AA972D6007954C7 /* PLVFeedDataManager.h */ = {isa = PBXFileReference; lastKnownFileType = sourcecode.c.h; path = PLVFeedDataManager.h; sourceTree = "<group>"; };
		65D91E882AA972D6007954C7 /* PLVFeedDataManager.m */ = {isa = PBXFileReference; lastKnownFileType = sourcecode.c.objc; path = PLVFeedDataManager.m; sourceTree = "<group>"; };
		65D91E8A2AA974BB007954C7 /* PLVShortVideoFeedDataManager.h */ = {isa = PBXFileReference; lastKnownFileType = sourcecode.c.h; path = PLVShortVideoFeedDataManager.h; sourceTree = "<group>"; };
		65D91E8B2AA974BB007954C7 /* PLVShortVideoFeedDataManager.m */ = {isa = PBXFileReference; lastKnownFileType = sourcecode.c.objc; path = PLVShortVideoFeedDataManager.m; sourceTree = "<group>"; };
		B0F4FB09B3E89B072EEC9432 /* Pods-mediaplayer-PolyvIOSMediaPlayerDemo.debug.xcconfig */ = {isa = PBXFileReference; includeInIndex = 1; lastKnownFileType = text.xcconfig; name = "Pods-mediaplayer-PolyvIOSMediaPlayerDemo.debug.xcconfig"; path = "Target Support Files/Pods-mediaplayer-PolyvIOSMediaPlayerDemo/Pods-mediaplayer-PolyvIOSMediaPlayerDemo.debug.xcconfig"; sourceTree = "<group>"; };
		C30E5C0E0D2AA9CD588F85F3 /* libPods-PolyvIOSMediaPlayerDemo.a */ = {isa = PBXFileReference; explicitFileType = archive.ar; includeInIndex = 0; path = "libPods-PolyvIOSMediaPlayerDemo.a"; sourceTree = BUILT_PRODUCTS_DIR; };
		CB5AA2D378D61073775A5630 /* Pods-PolyvIOSMediaPlayerDemo.debug.xcconfig */ = {isa = PBXFileReference; includeInIndex = 1; lastKnownFileType = text.xcconfig; name = "Pods-PolyvIOSMediaPlayerDemo.debug.xcconfig"; path = "Target Support Files/Pods-PolyvIOSMediaPlayerDemo/Pods-PolyvIOSMediaPlayerDemo.debug.xcconfig"; sourceTree = "<group>"; };
/* End PBXFileReference section */

/* Begin PBXFrameworksBuildPhase section */
		045FE0052A8C580200F957C7 /* Frameworks */ = {
			isa = PBXFrameworksBuildPhase;
			buildActionMask = 2147483647;
			files = (
				045FE1262A8CA07A00F957C7 /* PolyvMediaPlayerSDK.framework in Frameworks */,
				56BE4523A2F809F6E55AC20E /* libPods-PolyvIOSMediaPlayerDemo.a in Frameworks */,
			);
			runOnlyForDeploymentPostprocessing = 0;
		};
/* End PBXFrameworksBuildPhase section */

/* Begin PBXGroup section */
		040CBECE2A8F464600AD215A /* PolyvVodScenes */ = {
			isa = PBXGroup;
			children = (
				040CBECF2A8F467D00AD215A /* Common */,
				040CBED62A8F46D800AD215A /* Secenes */,
			);
			path = PolyvVodScenes;
			sourceTree = "<group>";
		};
		040CBECF2A8F467D00AD215A /* Common */ = {
			isa = PBXGroup;
			children = (
				04C1CCE92AE8A6C4006446AD /* Utils */,
				040CBF452A8F6E3E00AD215A /* GeneralUI */,
			);
			path = Common;
			sourceTree = "<group>";
		};
		040CBED62A8F46D800AD215A /* Secenes */ = {
			isa = PBXGroup;
			children = (
				046A34BE2AAC97EE00933D64 /* VodScene */,
				0437D2CF2AA5F51E00AED404 /* FeedScene */,
				040CBEDA2A8F478E00AD215A /* Modules */,
				040CBF7B2A8F760100AD215A /* Resource */,
			);
			path = Secenes;
			sourceTree = "<group>";
		};
		040CBEDA2A8F478E00AD215A /* Modules */ = {
			isa = PBXGroup;
			children = (
				040CBEDB2A8F47CA00AD215A /* Media */,
			);
			path = Modules;
			sourceTree = "<group>";
		};
		040CBEDB2A8F47CA00AD215A /* Media */ = {
			isa = PBXGroup;
			children = (
				040CBEE72A8F47CA00AD215A /* SkinView */,
				04E5E62F2ACEF6E00039CDA2 /* PicInPic */,
				0434EE412AB85329008A4DB1 /* PlayerData */,
			);
			path = Media;
			sourceTree = "<group>";
		};
		040CBEE72A8F47CA00AD215A /* SkinView */ = {
			isa = PBXGroup;
			children = (
				04B0C00D2B182F420007E5BA /* WidgetView */,
				04B8A9DD2A9F240F00F861AC /* PLVMediaAreaBaseSkinView.h */,
				04B8A9DE2A9F240F00F861AC /* PLVMediaAreaBaseSkinView.m */,
				04B8A9E02A9F244700F861AC /* PLVMediaAreaLandscapeFullSkinView.h */,
				04B8A9E12A9F244700F861AC /* PLVMediaAreaLandscapeFullSkinView.m */,
				04B8A9E32A9F249A00F861AC /* PLVMediaAreaPortraitHalfSkinView.h */,
				04B8A9E42A9F249A00F861AC /* PLVMediaAreaPortraitHalfSkinView.m */,
				04B8A9E62A9F5A1F00F861AC /* PLVMediaAreaPortraitFullSkinView.h */,
				04B8A9E72A9F5A1F00F861AC /* PLVMediaAreaPortraitFullSkinView.m */,
			);
			path = SkinView;
			sourceTree = "<group>";
		};
		040CBEF12A8F47CA00AD215A /* BrightnessView */ = {
			isa = PBXGroup;
			children = (
				040CBEF22A8F47CA00AD215A /* PLVLCMediaBrightnessView.h */,
				040CBEF32A8F47CA00AD215A /* PLVLCMediaBrightnessView.m */,
			);
			path = BrightnessView;
			sourceTree = "<group>";
		};
		040CBF162A8F47CA00AD215A /* ProgressView */ = {
			isa = PBXGroup;
			children = (
				040CBF172A8F47CA00AD215A /* PLVLCMediaProgressView.m */,
				040CBF182A8F47CA00AD215A /* PLVLCMediaProgressView.h */,
			);
			path = ProgressView;
			sourceTree = "<group>";
		};
		040CBF452A8F6E3E00AD215A /* GeneralUI */ = {
			isa = PBXGroup;
			children = (
				04C1CCE52AE8A4FA006446AD /* PLVToast */,
				0437D2BE2AA5F1D900AED404 /* PLVFeedView */,
				040CBF722A8F708F00AD215A /* PLVProgressSlider */,
			);
			path = GeneralUI;
			sourceTree = "<group>";
		};
		040CBF722A8F708F00AD215A /* PLVProgressSlider */ = {
			isa = PBXGroup;
			children = (
				040CBF732A8F708F00AD215A /* PLVProgressSlider.m */,
				040CBF742A8F708F00AD215A /* PLVProgressSlider.h */,
			);
			path = PLVProgressSlider;
			sourceTree = "<group>";
		};
		040CBF7B2A8F760100AD215A /* Resource */ = {
			isa = PBXGroup;
			children = (
				04DCA7492AB066ED00CF6BEC /* PLVMediaPlayer.xcassets */,
			);
			path = Resource;
			sourceTree = "<group>";
		};
		0434EE412AB85329008A4DB1 /* PlayerData */ = {
			isa = PBXGroup;
			children = (
				0434EE422AB85394008A4DB1 /* PLVMediaPlayerState.h */,
				0434EE432AB85394008A4DB1 /* PLVMediaPlayerState.m */,
			);
			path = PlayerData;
			sourceTree = "<group>";
		};
		0437D2BE2AA5F1D900AED404 /* PLVFeedView */ = {
			isa = PBXGroup;
			children = (
				0437D2C12AA5F1D900AED404 /* PLVFeedItemView.h */,
				0437D2BF2AA5F1D900AED404 /* PLVFeedItemView.m */,
				0437D2C02AA5F1D900AED404 /* PLVFeedView.h */,
				0437D2C32AA5F1D900AED404 /* PLVFeedView.m */,
				0437D2C22AA5F1D900AED404 /* PLVFeedViewDefine.h */,
			);
			path = PLVFeedView;
			sourceTree = "<group>";
		};
		0437D2CF2AA5F51E00AED404 /* FeedScene */ = {
			isa = PBXGroup;
			children = (
				04B0C0162B188CDA0007E5BA /* MediaArea */,
				043FC6392AD3A67E000D0643 /* FeedData */,
				0437D2C62AA5F21700AED404 /* PLVDemoVideoFeedViewController.h */,
				0437D2C72AA5F21700AED404 /* PLVDemoVideoFeedViewController.m */,
			);
			path = FeedScene;
			sourceTree = "<group>";
		};
		043FC6392AD3A67E000D0643 /* FeedData */ = {
			isa = PBXGroup;
			children = (
				65D91E872AA972D6007954C7 /* PLVFeedDataManager.h */,
				65D91E882AA972D6007954C7 /* PLVFeedDataManager.m */,
				65D91E8A2AA974BB007954C7 /* PLVShortVideoFeedDataManager.h */,
				65D91E8B2AA974BB007954C7 /* PLVShortVideoFeedDataManager.m */,
				0437D2CC2AA5F51200AED404 /* PLVFeedData.h */,
				0437D2CD2AA5F51200AED404 /* PLVFeedData.m */,
				04083A152AFB562E00C7DB1E /* PLVVideoNetwork.h */,
				04083A162AFB562E00C7DB1E /* PLVVideoNetwork.m */,
			);
			path = FeedData;
			sourceTree = "<group>";
		};
		045FDFFF2A8C580200F957C7 = {
			isa = PBXGroup;
			children = (
				040CBECE2A8F464600AD215A /* PolyvVodScenes */,
				045FE00A2A8C580200F957C7 /* PolyvIOSMediaPlayerDemo */,
				045FE0092A8C580200F957C7 /* Products */,
				EC62FE74C2682A94B41341D3 /* Pods */,
				24A4363EBF126825DFF7074C /* Frameworks */,
			);
			sourceTree = "<group>";
		};
		045FE0092A8C580200F957C7 /* Products */ = {
			isa = PBXGroup;
			children = (
				045FE0082A8C580200F957C7 /* PolyvIOSMediaPlayerDemo.app */,
			);
			name = Products;
			sourceTree = "<group>";
		};
		045FE00A2A8C580200F957C7 /* PolyvIOSMediaPlayerDemo */ = {
			isa = PBXGroup;
			children = (
				045FE00B2A8C580200F957C7 /* AppDelegate.h */,
				045FE00C2A8C580200F957C7 /* AppDelegate.m */,
				045FE0172A8C580300F957C7 /* Assets.xcassets */,
				045FE0F92A8C9A9700F957C7 /* Home */,
				045FE01C2A8C580300F957C7 /* Info.plist */,
				045FE0192A8C580300F957C7 /* LaunchScreen.storyboard */,
				045FE01D2A8C580300F957C7 /* main.m */,
				045FE0142A8C580200F957C7 /* Main.storyboard */,
				045FE0F52A8C98A700F957C7 /* PrefixHeader.pch */,
				045FE00E2A8C580200F957C7 /* SceneDelegate.h */,
				045FE00F2A8C580200F957C7 /* SceneDelegate.m */,
			);
			path = PolyvIOSMediaPlayerDemo;
			sourceTree = "<group>";
		};
		045FE0F92A8C9A9700F957C7 /* Home */ = {
			isa = PBXGroup;
			children = (
				045FE0112A8C580200F957C7 /* PLVEntranceViewController.h */,
				045FE0122A8C580200F957C7 /* PLVEntranceViewController.m */,
				048850742B10924F00717363 /* PLVTabBarViewController.h */,
				048850752B10924F00717363 /* PLVTabBarViewController.m */,
				04193B112B207A0C009EDC2E /* PLVNavigationController.h */,
				04193B122B207A0C009EDC2E /* PLVNavigationController.m */,
			);
			path = Home;
			sourceTree = "<group>";
		};
		046A34BE2AAC97EE00933D64 /* VodScene */ = {
			isa = PBXGroup;
			children = (
				04B0C0072B171F750007E5BA /* MediaArea */,
				046A34C52AAC9E3A00933D64 /* PLVDemoVodMediaViewController.h */,
				046A34C62AAC9E3A00933D64 /* PLVDemoVodMediaViewController.m */,
			);
			path = VodScene;
			sourceTree = "<group>";
		};
		04B0C0072B171F750007E5BA /* MediaArea */ = {
			isa = PBXGroup;
			children = (
				04B0C0042B171F520007E5BA /* PLVVodMediaAreaVC.h */,
				04B0C0032B171F510007E5BA /* PLVVodMediaAreaVC.m */,
				04B0C0022B171F510007E5BA /* PLVVodMediaPlayerSkinContainerView.h */,
				04B0C0012B171F510007E5BA /* PLVVodMediaPlayerSkinContainerView.m */,
			);
			path = MediaArea;
			sourceTree = "<group>";
		};
		04B0C00D2B182F420007E5BA /* WidgetView */ = {
			isa = PBXGroup;
			children = (
				04B0C0122B18308D0007E5BA /* DefinitionPopupView */,
				04B0C0112B1830640007E5BA /* InsideOurView */,
				04B0C00E2B182FC90007E5BA /* OutsideMoreView */,
				04B0C0102B18303F0007E5BA /* AudioModeView */,
				04B0C00F2B1830140007E5BA /* RatePopupView */,
				040CBF162A8F47CA00AD215A /* ProgressView */,
				040CBEF12A8F47CA00AD215A /* BrightnessView */,
				04B0C0132B1830C50007E5BA /* FastForwardView */,
				04B0C0152B1830F90007E5BA /* LoopPlayView */,
				04B0C0142B1830DB0007E5BA /* LockScreenView */,
			);
			path = WidgetView;
			sourceTree = "<group>";
		};
		04B0C00E2B182FC90007E5BA /* OutsideMoreView */ = {
			isa = PBXGroup;
			children = (
				046A34CB2AAD806600933D64 /* PLVMediaPlayerSkinOutMoreView.h */,
				046A34CC2AAD806600933D64 /* PLVMediaPlayerSkinOutMoreView.m */,
			);
			path = OutsideMoreView;
			sourceTree = "<group>";
		};
		04B0C00F2B1830140007E5BA /* RatePopupView */ = {
			isa = PBXGroup;
			children = (
				046A34E92AAEAA5900933D64 /* PLVMediaPlayerSkinPlaybackRateView.h */,
				046A34EA2AAEAA5900933D64 /* PLVMediaPlayerSkinPlaybackRateView.m */,
			);
			path = RatePopupView;
			sourceTree = "<group>";
		};
		04B0C0102B18303F0007E5BA /* AudioModeView */ = {
			isa = PBXGroup;
			children = (
				046A34E02AAEA8D300933D64 /* PLVMediaPlayerSkinAudioModeView.h */,
				046A34E12AAEA8D300933D64 /* PLVMediaPlayerSkinAudioModeView.m */,
			);
			path = AudioModeView;
			sourceTree = "<group>";
		};
		04B0C0112B1830640007E5BA /* InsideOurView */ = {
			isa = PBXGroup;
			children = (
				046A34C82AAD801800933D64 /* PLVMediaPlayerSkinMoreView.h */,
				046A34C92AAD801800933D64 /* PLVMediaPlayerSkinMoreView.m */,
			);
			path = InsideOurView;
			sourceTree = "<group>";
		};
		04B0C0122B18308D0007E5BA /* DefinitionPopupView */ = {
			isa = PBXGroup;
			children = (
				046A34E62AAEAA1300933D64 /* PLVMediaPlayerSkinDefinitionView.h */,
				046A34E72AAEAA1300933D64 /* PLVMediaPlayerSkinDefinitionView.m */,
			);
			path = DefinitionPopupView;
			sourceTree = "<group>";
		};
		04B0C0132B1830C50007E5BA /* FastForwardView */ = {
			isa = PBXGroup;
			children = (
				04F3B97F2AD29CC40047BE42 /* PLVMediaPlayerSkinFastForwardView.h */,
				04F3B9802AD29CC40047BE42 /* PLVMediaPlayerSkinFastForwardView.m */,
			);
			path = FastForwardView;
			sourceTree = "<group>";
		};
		04B0C0142B1830DB0007E5BA /* LockScreenView */ = {
			isa = PBXGroup;
			children = (
				046A34E32AAEA91400933D64 /* PLVMediaPlayerSkinLockScreenView.h */,
				046A34E42AAEA91400933D64 /* PLVMediaPlayerSkinLockScreenView.m */,
			);
			path = LockScreenView;
			sourceTree = "<group>";
		};
		04B0C0152B1830F90007E5BA /* LoopPlayView */ = {
			isa = PBXGroup;
			children = (
				04F3B97C2AD278150047BE42 /* PLVMediaPlayerSkinLoopPlayView.h */,
				04F3B97D2AD278150047BE42 /* PLVMediaPlayerSkinLoopPlayView.m */,
			);
			path = LoopPlayView;
			sourceTree = "<group>";
		};
		04B0C0162B188CDA0007E5BA /* MediaArea */ = {
			isa = PBXGroup;
			children = (
				04B8A9DA2A9E239900F861AC /* PLVShortVideoMediaAreaVC.h */,
				04B8A9DB2A9E239900F861AC /* PLVShortVideoMediaAreaVC.m */,
				041A4D9C2AB2B87D00E62202 /* PLVShortVideoMediaPlayerSkinContainer.h */,
				041A4D9D2AB2B87D00E62202 /* PLVShortVideoMediaPlayerSkinContainer.m */,
			);
			path = MediaArea;
			sourceTree = "<group>";
		};
		04C1CCE52AE8A4FA006446AD /* PLVToast */ = {
			isa = PBXGroup;
			children = (
				04C1CCE62AE8A52D006446AD /* PLVToast.h */,
				04C1CCE72AE8A52D006446AD /* PLVToast.m */,
			);
			path = PLVToast;
			sourceTree = "<group>";
		};
		04C1CCE92AE8A6C4006446AD /* Utils */ = {
			isa = PBXGroup;
			children = (
				04DCA74C2AB06F2600CF6BEC /* UIImage+Tint.h */,
				04DCA74D2AB06F2600CF6BEC /* UIImage+Tint.m */,
				04C1CCEA2AE8A6E5006446AD /* PLVVodErrorUtil.h */,
				04C1CCEB2AE8A6E5006446AD /* PLVVodErrorUtil.m */,
				04B0C00A2B172C180007E5BA /* PLVOrientationUtil.h */,
				04B0C00B2B172C180007E5BA /* PLVOrientationUtil.m */,
			);
			path = Utils;
			sourceTree = "<group>";
		};
		04E5E62F2ACEF6E00039CDA2 /* PicInPic */ = {
			isa = PBXGroup;
			children = (
				04E5E6302ACEF74A0039CDA2 /* PLVPictureInPictureRestoreManager.h */,
				04E5E6312ACEF74A0039CDA2 /* PLVPictureInPictureRestoreManager.m */,
			);
			path = PicInPic;
			sourceTree = "<group>";
		};
		24A4363EBF126825DFF7074C /* Frameworks */ = {
			isa = PBXGroup;
			children = (
				045FE0F32A8C823B00F957C7 /* PolyvMediaPlayerSDK.framework */,
				2BEC71CCED6E151081F4BD9C /* Pods_mediaplayer_PolyvIOSMediaPlayerDemo.framework */,
				C30E5C0E0D2AA9CD588F85F3 /* libPods-PolyvIOSMediaPlayerDemo.a */,
			);
			name = Frameworks;
			sourceTree = "<group>";
		};
		EC62FE74C2682A94B41341D3 /* Pods */ = {
			isa = PBXGroup;
			children = (
				B0F4FB09B3E89B072EEC9432 /* Pods-mediaplayer-PolyvIOSMediaPlayerDemo.debug.xcconfig */,
				5CC5BBAF929D4B4D7046778D /* Pods-mediaplayer-PolyvIOSMediaPlayerDemo.release.xcconfig */,
				CB5AA2D378D61073775A5630 /* Pods-PolyvIOSMediaPlayerDemo.debug.xcconfig */,
				3330428C49C946D1A4898BBE /* Pods-PolyvIOSMediaPlayerDemo.release.xcconfig */,
			);
			name = Pods;
			path = ../Pods;
			sourceTree = "<group>";
		};
/* End PBXGroup section */

/* Begin PBXNativeTarget section */
		045FE0072A8C580200F957C7 /* PolyvIOSMediaPlayerDemo */ = {
			isa = PBXNativeTarget;
			buildConfigurationList = 045FE0212A8C580300F957C7 /* Build configuration list for PBXNativeTarget "PolyvIOSMediaPlayerDemo" */;
			buildPhases = (
				89ABD5ED05120DF619F0C1BA /* [CP] Check Pods Manifest.lock */,
				045FE0042A8C580200F957C7 /* Sources */,
				045FE0052A8C580200F957C7 /* Frameworks */,
				045FE0062A8C580200F957C7 /* Resources */,
				4E75CE18AAB2378F9DA3BB42 /* [CP] Embed Pods Frameworks */,
				045FE1282A8CA07B00F957C7 /* Embed Frameworks */,
				2C2A3D5703661482EE78C0B3 /* [CP] Copy Pods Resources */,
			);
			buildRules = (
			);
			dependencies = (
			);
			name = PolyvIOSMediaPlayerDemo;
			productName = PolyvIOSMediaPlayerDemo;
			productReference = 045FE0082A8C580200F957C7 /* PolyvIOSMediaPlayerDemo.app */;
			productType = "com.apple.product-type.application";
		};
/* End PBXNativeTarget section */

/* Begin PBXProject section */
		045FE0002A8C580200F957C7 /* Project object */ = {
			isa = PBXProject;
			attributes = {
				BuildIndependentTargetsInParallel = 1;
				LastUpgradeCheck = 1420;
				TargetAttributes = {
					045FE0072A8C580200F957C7 = {
						CreatedOnToolsVersion = 14.2;
					};
				};
			};
			buildConfigurationList = 045FE0032A8C580200F957C7 /* Build configuration list for PBXProject "PolyvIOSMediaPlayerDemo" */;
			compatibilityVersion = "Xcode 14.0";
			developmentRegion = en;
			hasScannedForEncodings = 0;
			knownRegions = (
				en,
				Base,
			);
			mainGroup = 045FDFFF2A8C580200F957C7;
			productRefGroup = 045FE0092A8C580200F957C7 /* Products */;
			projectDirPath = "";
			projectRoot = "";
			targets = (
				045FE0072A8C580200F957C7 /* PolyvIOSMediaPlayerDemo */,
			);
		};
/* End PBXProject section */

/* Begin PBXResourcesBuildPhase section */
		045FE0062A8C580200F957C7 /* Resources */ = {
			isa = PBXResourcesBuildPhase;
			buildActionMask = 2147483647;
			files = (
				04DCA74A2AB066ED00CF6BEC /* PLVMediaPlayer.xcassets in Resources */,
				045FE01B2A8C580300F957C7 /* LaunchScreen.storyboard in Resources */,
				045FE0182A8C580300F957C7 /* Assets.xcassets in Resources */,
				045FE0162A8C580200F957C7 /* Main.storyboard in Resources */,
			);
			runOnlyForDeploymentPostprocessing = 0;
		};
/* End PBXResourcesBuildPhase section */

/* Begin PBXShellScriptBuildPhase section */
		2C2A3D5703661482EE78C0B3 /* [CP] Copy Pods Resources */ = {
			isa = PBXShellScriptBuildPhase;
			buildActionMask = 2147483647;
			files = (
			);
			inputFileListPaths = (
				"${PODS_ROOT}/Target Support Files/Pods-PolyvIOSMediaPlayerDemo/Pods-PolyvIOSMediaPlayerDemo-resources-${CONFIGURATION}-input-files.xcfilelist",
			);
			name = "[CP] Copy Pods Resources";
			outputFileListPaths = (
				"${PODS_ROOT}/Target Support Files/Pods-PolyvIOSMediaPlayerDemo/Pods-PolyvIOSMediaPlayerDemo-resources-${CONFIGURATION}-output-files.xcfilelist",
			);
			runOnlyForDeploymentPostprocessing = 0;
			shellPath = /bin/sh;
			shellScript = "\"${PODS_ROOT}/Target Support Files/Pods-PolyvIOSMediaPlayerDemo/Pods-PolyvIOSMediaPlayerDemo-resources.sh\"\n";
			showEnvVarsInLog = 0;
		};
		4E75CE18AAB2378F9DA3BB42 /* [CP] Embed Pods Frameworks */ = {
			isa = PBXShellScriptBuildPhase;
			buildActionMask = 2147483647;
			files = (
			);
			inputFileListPaths = (
				"${PODS_ROOT}/Target Support Files/Pods-PolyvIOSMediaPlayerDemo/Pods-PolyvIOSMediaPlayerDemo-frameworks-${CONFIGURATION}-input-files.xcfilelist",
			);
			name = "[CP] Embed Pods Frameworks";
			outputFileListPaths = (
				"${PODS_ROOT}/Target Support Files/Pods-PolyvIOSMediaPlayerDemo/Pods-PolyvIOSMediaPlayerDemo-frameworks-${CONFIGURATION}-output-files.xcfilelist",
			);
			runOnlyForDeploymentPostprocessing = 0;
			shellPath = /bin/sh;
			shellScript = "\"${PODS_ROOT}/Target Support Files/Pods-PolyvIOSMediaPlayerDemo/Pods-PolyvIOSMediaPlayerDemo-frameworks.sh\"\n";
			showEnvVarsInLog = 0;
		};
		89ABD5ED05120DF619F0C1BA /* [CP] Check Pods Manifest.lock */ = {
			isa = PBXShellScriptBuildPhase;
			buildActionMask = 2147483647;
			files = (
			);
			inputFileListPaths = (
			);
			inputPaths = (
				"${PODS_PODFILE_DIR_PATH}/Podfile.lock",
				"${PODS_ROOT}/Manifest.lock",
			);
			name = "[CP] Check Pods Manifest.lock";
			outputFileListPaths = (
			);
			outputPaths = (
				"$(DERIVED_FILE_DIR)/Pods-PolyvIOSMediaPlayerDemo-checkManifestLockResult.txt",
			);
			runOnlyForDeploymentPostprocessing = 0;
			shellPath = /bin/sh;
			shellScript = "diff \"${PODS_PODFILE_DIR_PATH}/Podfile.lock\" \"${PODS_ROOT}/Manifest.lock\" > /dev/null\nif [ $? != 0 ] ; then\n    # print error to STDERR\n    echo \"error: The sandbox is not in sync with the Podfile.lock. Run 'pod install' or update your CocoaPods installation.\" >&2\n    exit 1\nfi\n# This output is used by Xcode 'outputs' to avoid re-running this script phase.\necho \"SUCCESS\" > \"${SCRIPT_OUTPUT_FILE_0}\"\n";
			showEnvVarsInLog = 0;
		};
/* End PBXShellScriptBuildPhase section */

/* Begin PBXSourcesBuildPhase section */
		045FE0042A8C580200F957C7 /* Sources */ = {
			isa = PBXSourcesBuildPhase;
			buildActionMask = 2147483647;
			files = (
				04C1CCEC2AE8A6E5006446AD /* PLVVodErrorUtil.m in Sources */,
				041A4D9E2AB2B87D00E62202 /* PLVShortVideoMediaPlayerSkinContainer.m in Sources */,
				045FE0132A8C580200F957C7 /* PLVEntranceViewController.m in Sources */,
				04B8A9DC2A9E239900F861AC /* PLVShortVideoMediaAreaVC.m in Sources */,
				046A34EB2AAEAA5900933D64 /* PLVMediaPlayerSkinPlaybackRateView.m in Sources */,
				0434EE442AB85394008A4DB1 /* PLVMediaPlayerState.m in Sources */,
				04B8A9E52A9F249A00F861AC /* PLVMediaAreaPortraitHalfSkinView.m in Sources */,
				04B0C00C2B172C180007E5BA /* PLVOrientationUtil.m in Sources */,
				040CBF2F2A8F47CA00AD215A /* PLVLCMediaProgressView.m in Sources */,
				04193B132B207A0C009EDC2E /* PLVNavigationController.m in Sources */,
				04C1CCE82AE8A52D006446AD /* PLVToast.m in Sources */,
				04B0C0062B171F520007E5BA /* PLVVodMediaPlayerSkinContainerView.m in Sources */,
				0437D2CE2AA5F51200AED404 /* PLVFeedData.m in Sources */,
				048850762B10924F00717363 /* PLVTabBarViewController.m in Sources */,
				04DCA74E2AB06F2600CF6BEC /* UIImage+Tint.m in Sources */,
				046A34E22AAEA8D300933D64 /* PLVMediaPlayerSkinAudioModeView.m in Sources */,
				040CBF212A8F47CA00AD215A /* PLVLCMediaBrightnessView.m in Sources */,
				04083A172AFB562E00C7DB1E /* PLVVideoNetwork.m in Sources */,
				046A34CA2AAD801800933D64 /* PLVMediaPlayerSkinMoreView.m in Sources */,
				046A34E82AAEAA1300933D64 /* PLVMediaPlayerSkinDefinitionView.m in Sources */,
				046A34C72AAC9E3A00933D64 /* PLVDemoVodMediaViewController.m in Sources */,
				0437D2C52AA5F1D900AED404 /* PLVFeedView.m in Sources */,
				04E5E6322ACEF74A0039CDA2 /* PLVPictureInPictureRestoreManager.m in Sources */,
				65D91E8C2AA974BB007954C7 /* PLVShortVideoFeedDataManager.m in Sources */,
				65D91E892AA972D6007954C7 /* PLVFeedDataManager.m in Sources */,
				04B8A9DF2A9F240F00F861AC /* PLVMediaAreaBaseSkinView.m in Sources */,
				045FE00D2A8C580200F957C7 /* AppDelegate.m in Sources */,
				045FE01E2A8C580300F957C7 /* main.m in Sources */,
				04B8A9E22A9F244700F861AC /* PLVMediaAreaLandscapeFullSkinView.m in Sources */,
				046A34CD2AAD806600933D64 /* PLVMediaPlayerSkinOutMoreView.m in Sources */,
				04B8A9E82A9F5A1F00F861AC /* PLVMediaAreaPortraitFullSkinView.m in Sources */,
				045FE0102A8C580200F957C7 /* SceneDelegate.m in Sources */,
				046A34E52AAEA91400933D64 /* PLVMediaPlayerSkinLockScreenView.m in Sources */,
				04F3B9812AD29CC40047BE42 /* PLVMediaPlayerSkinFastForwardView.m in Sources */,
				040CBF752A8F708F00AD215A /* PLVProgressSlider.m in Sources */,
				0437D2C42AA5F1D900AED404 /* PLVFeedItemView.m in Sources */,
				04F3B97E2AD278150047BE42 /* PLVMediaPlayerSkinLoopPlayView.m in Sources */,
				04B0C0052B171F520007E5BA /* PLVVodMediaAreaVC.m in Sources */,
				0437D2C82AA5F21700AED404 /* PLVDemoVideoFeedViewController.m in Sources */,
			);
			runOnlyForDeploymentPostprocessing = 0;
		};
/* End PBXSourcesBuildPhase section */

/* Begin PBXVariantGroup section */
		045FE0142A8C580200F957C7 /* Main.storyboard */ = {
			isa = PBXVariantGroup;
			children = (
				045FE0152A8C580200F957C7 /* Base */,
			);
			name = Main.storyboard;
			sourceTree = "<group>";
		};
		045FE0192A8C580300F957C7 /* LaunchScreen.storyboard */ = {
			isa = PBXVariantGroup;
			children = (
				045FE01A2A8C580300F957C7 /* Base */,
			);
			name = LaunchScreen.storyboard;
			sourceTree = "<group>";
		};
/* End PBXVariantGroup section */

/* Begin XCBuildConfiguration section */
		045FE01F2A8C580300F957C7 /* Debug */ = {
			isa = XCBuildConfiguration;
			buildSettings = {
				ALWAYS_SEARCH_USER_PATHS = NO;
				CLANG_ANALYZER_NONNULL = YES;
				CLANG_ANALYZER_NUMBER_OBJECT_CONVERSION = YES_AGGRESSIVE;
				CLANG_CXX_LANGUAGE_STANDARD = "gnu++20";
				CLANG_ENABLE_MODULES = YES;
				CLANG_ENABLE_OBJC_ARC = YES;
				CLANG_ENABLE_OBJC_WEAK = YES;
				CLANG_WARN_BLOCK_CAPTURE_AUTORELEASING = YES;
				CLANG_WARN_BOOL_CONVERSION = YES;
				CLANG_WARN_COMMA = YES;
				CLANG_WARN_CONSTANT_CONVERSION = YES;
				CLANG_WARN_DEPRECATED_OBJC_IMPLEMENTATIONS = YES;
				CLANG_WARN_DIRECT_OBJC_ISA_USAGE = YES_ERROR;
				CLANG_WARN_DOCUMENTATION_COMMENTS = YES;
				CLANG_WARN_EMPTY_BODY = YES;
				CLANG_WARN_ENUM_CONVERSION = YES;
				CLANG_WARN_INFINITE_RECURSION = YES;
				CLANG_WARN_INT_CONVERSION = YES;
				CLANG_WARN_NON_LITERAL_NULL_CONVERSION = YES;
				CLANG_WARN_OBJC_IMPLICIT_RETAIN_SELF = YES;
				CLANG_WARN_OBJC_LITERAL_CONVERSION = YES;
				CLANG_WARN_OBJC_ROOT_CLASS = YES_ERROR;
				CLANG_WARN_QUOTED_INCLUDE_IN_FRAMEWORK_HEADER = YES;
				CLANG_WARN_RANGE_LOOP_ANALYSIS = YES;
				CLANG_WARN_STRICT_PROTOTYPES = YES;
				CLANG_WARN_SUSPICIOUS_MOVE = YES;
				CLANG_WARN_UNGUARDED_AVAILABILITY = YES_AGGRESSIVE;
				CLANG_WARN_UNREACHABLE_CODE = YES;
				CLANG_WARN__DUPLICATE_METHOD_MATCH = YES;
				COPY_PHASE_STRIP = NO;
				DEBUG_INFORMATION_FORMAT = dwarf;
				ENABLE_STRICT_OBJC_MSGSEND = YES;
				ENABLE_TESTABILITY = YES;
				GCC_C_LANGUAGE_STANDARD = gnu11;
				GCC_DYNAMIC_NO_PIC = NO;
				GCC_NO_COMMON_BLOCKS = YES;
				GCC_OPTIMIZATION_LEVEL = 0;
				GCC_PREPROCESSOR_DEFINITIONS = (
					"DEBUG=1",
					"$(inherited)",
				);
				GCC_WARN_64_TO_32_BIT_CONVERSION = YES;
				GCC_WARN_ABOUT_RETURN_TYPE = YES_ERROR;
				GCC_WARN_UNDECLARED_SELECTOR = YES;
				GCC_WARN_UNINITIALIZED_AUTOS = YES_AGGRESSIVE;
				GCC_WARN_UNUSED_FUNCTION = YES;
				GCC_WARN_UNUSED_VARIABLE = YES;
				IPHONEOS_DEPLOYMENT_TARGET = 11.0;
				MTL_ENABLE_DEBUG_INFO = INCLUDE_SOURCE;
				MTL_FAST_MATH = YES;
				ONLY_ACTIVE_ARCH = YES;
				SDKROOT = iphoneos;
			};
			name = Debug;
		};
		045FE0202A8C580300F957C7 /* Release */ = {
			isa = XCBuildConfiguration;
			buildSettings = {
				ALWAYS_SEARCH_USER_PATHS = NO;
				CLANG_ANALYZER_NONNULL = YES;
				CLANG_ANALYZER_NUMBER_OBJECT_CONVERSION = YES_AGGRESSIVE;
				CLANG_CXX_LANGUAGE_STANDARD = "gnu++20";
				CLANG_ENABLE_MODULES = YES;
				CLANG_ENABLE_OBJC_ARC = YES;
				CLANG_ENABLE_OBJC_WEAK = YES;
				CLANG_WARN_BLOCK_CAPTURE_AUTORELEASING = YES;
				CLANG_WARN_BOOL_CONVERSION = YES;
				CLANG_WARN_COMMA = YES;
				CLANG_WARN_CONSTANT_CONVERSION = YES;
				CLANG_WARN_DEPRECATED_OBJC_IMPLEMENTATIONS = YES;
				CLANG_WARN_DIRECT_OBJC_ISA_USAGE = YES_ERROR;
				CLANG_WARN_DOCUMENTATION_COMMENTS = YES;
				CLANG_WARN_EMPTY_BODY = YES;
				CLANG_WARN_ENUM_CONVERSION = YES;
				CLANG_WARN_INFINITE_RECURSION = YES;
				CLANG_WARN_INT_CONVERSION = YES;
				CLANG_WARN_NON_LITERAL_NULL_CONVERSION = YES;
				CLANG_WARN_OBJC_IMPLICIT_RETAIN_SELF = YES;
				CLANG_WARN_OBJC_LITERAL_CONVERSION = YES;
				CLANG_WARN_OBJC_ROOT_CLASS = YES_ERROR;
				CLANG_WARN_QUOTED_INCLUDE_IN_FRAMEWORK_HEADER = YES;
				CLANG_WARN_RANGE_LOOP_ANALYSIS = YES;
				CLANG_WARN_STRICT_PROTOTYPES = YES;
				CLANG_WARN_SUSPICIOUS_MOVE = YES;
				CLANG_WARN_UNGUARDED_AVAILABILITY = YES_AGGRESSIVE;
				CLANG_WARN_UNREACHABLE_CODE = YES;
				CLANG_WARN__DUPLICATE_METHOD_MATCH = YES;
				COPY_PHASE_STRIP = NO;
				DEBUG_INFORMATION_FORMAT = "dwarf-with-dsym";
				ENABLE_NS_ASSERTIONS = NO;
				ENABLE_STRICT_OBJC_MSGSEND = YES;
				GCC_C_LANGUAGE_STANDARD = gnu11;
				GCC_NO_COMMON_BLOCKS = YES;
				GCC_WARN_64_TO_32_BIT_CONVERSION = YES;
				GCC_WARN_ABOUT_RETURN_TYPE = YES_ERROR;
				GCC_WARN_UNDECLARED_SELECTOR = YES;
				GCC_WARN_UNINITIALIZED_AUTOS = YES_AGGRESSIVE;
				GCC_WARN_UNUSED_FUNCTION = YES;
				GCC_WARN_UNUSED_VARIABLE = YES;
				IPHONEOS_DEPLOYMENT_TARGET = 11.0;
				MTL_ENABLE_DEBUG_INFO = NO;
				MTL_FAST_MATH = YES;
				SDKROOT = iphoneos;
				VALIDATE_PRODUCT = YES;
			};
			name = Release;
		};
		045FE0222A8C580300F957C7 /* Debug */ = {
			isa = XCBuildConfiguration;
			baseConfigurationReference = CB5AA2D378D61073775A5630 /* Pods-PolyvIOSMediaPlayerDemo.debug.xcconfig */;
			buildSettings = {
				ASSETCATALOG_COMPILER_APPICON_NAME = AppIcon;
				ASSETCATALOG_COMPILER_GLOBAL_ACCENT_COLOR_NAME = AccentColor;
				CODE_SIGN_STYLE = Automatic;
				CURRENT_PROJECT_VERSION = 1;
				DEVELOPMENT_TEAM = "";
				"EXCLUDED_ARCHS[sdk=iphonesimulator*]" = arm64;
				GCC_PREFIX_HEADER = "$(SRCROOT)//PolyvIOSMediaPlayerDemo/PrefixHeader.pch";
				GENERATE_INFOPLIST_FILE = YES;
				INFOPLIST_FILE = PolyvIOSMediaPlayerDemo/Info.plist;
				INFOPLIST_KEY_CFBundleDisplayName = "POLYV 播放器";
				INFOPLIST_KEY_UIApplicationSupportsIndirectInputEvents = YES;
				INFOPLIST_KEY_UILaunchStoryboardName = LaunchScreen;
				INFOPLIST_KEY_UIMainStoryboardFile = Main;
				INFOPLIST_KEY_UIStatusBarStyle = UIStatusBarStyleLightContent;
				INFOPLIST_KEY_UISupportedInterfaceOrientations_iPad = "UIInterfaceOrientationPortrait UIInterfaceOrientationPortraitUpsideDown UIInterfaceOrientationLandscapeLeft UIInterfaceOrientationLandscapeRight";
				INFOPLIST_KEY_UISupportedInterfaceOrientations_iPhone = "UIInterfaceOrientationPortrait UIInterfaceOrientationLandscapeLeft UIInterfaceOrientationLandscapeRight";
				IPHONEOS_DEPLOYMENT_TARGET = 11.0;
				LD_RUNPATH_SEARCH_PATHS = (
					"$(inherited)",
					"@executable_path/Frameworks",
				);
				MARKETING_VERSION = 2.0.1;
				PRODUCT_BUNDLE_IDENTIFIER = net.polyv.mediaplayer.sdk.demo;
				PRODUCT_NAME = "$(TARGET_NAME)";
				SUPPORTED_PLATFORMS = "iphoneos iphonesimulator";
				SUPPORTS_MACCATALYST = NO;
				SUPPORTS_MAC_DESIGNED_FOR_IPHONE_IPAD = NO;
				SWIFT_EMIT_LOC_STRINGS = YES;
				TARGETED_DEVICE_FAMILY = 1;
			};
			name = Debug;
		};
		045FE0232A8C580300F957C7 /* Release */ = {
			isa = XCBuildConfiguration;
			baseConfigurationReference = 3330428C49C946D1A4898BBE /* Pods-PolyvIOSMediaPlayerDemo.release.xcconfig */;
			buildSettings = {
				ASSETCATALOG_COMPILER_APPICON_NAME = AppIcon;
				ASSETCATALOG_COMPILER_GLOBAL_ACCENT_COLOR_NAME = AccentColor;
				CODE_SIGN_STYLE = Automatic;
				CURRENT_PROJECT_VERSION = 1;
				DEVELOPMENT_TEAM = "";
				GCC_PREFIX_HEADER = "$(SRCROOT)//PolyvIOSMediaPlayerDemo/PrefixHeader.pch";
				GENERATE_INFOPLIST_FILE = YES;
				INFOPLIST_FILE = PolyvIOSMediaPlayerDemo/Info.plist;
				INFOPLIST_KEY_CFBundleDisplayName = "POLYV 播放器";
				INFOPLIST_KEY_UIApplicationSupportsIndirectInputEvents = YES;
				INFOPLIST_KEY_UILaunchStoryboardName = LaunchScreen;
				INFOPLIST_KEY_UIMainStoryboardFile = Main;
				INFOPLIST_KEY_UIStatusBarStyle = UIStatusBarStyleLightContent;
				INFOPLIST_KEY_UISupportedInterfaceOrientations_iPad = "UIInterfaceOrientationPortrait UIInterfaceOrientationPortraitUpsideDown UIInterfaceOrientationLandscapeLeft UIInterfaceOrientationLandscapeRight";
				INFOPLIST_KEY_UISupportedInterfaceOrientations_iPhone = "UIInterfaceOrientationPortrait UIInterfaceOrientationLandscapeLeft UIInterfaceOrientationLandscapeRight";
				IPHONEOS_DEPLOYMENT_TARGET = 11.0;
				LD_RUNPATH_SEARCH_PATHS = (
					"$(inherited)",
					"@executable_path/Frameworks",
				);
				MARKETING_VERSION = 2.0.1;
				PRODUCT_BUNDLE_IDENTIFIER = net.polyv.mediaplayer.sdk.demo;
				PRODUCT_NAME = "$(TARGET_NAME)";
				SUPPORTED_PLATFORMS = "iphoneos iphonesimulator";
				SUPPORTS_MACCATALYST = NO;
				SUPPORTS_MAC_DESIGNED_FOR_IPHONE_IPAD = NO;
				SWIFT_EMIT_LOC_STRINGS = YES;
				TARGETED_DEVICE_FAMILY = 1;
			};
			name = Release;
		};
/* End XCBuildConfiguration section */

/* Begin XCConfigurationList section */
		045FE0032A8C580200F957C7 /* Build configuration list for PBXProject "PolyvIOSMediaPlayerDemo" */ = {
			isa = XCConfigurationList;
			buildConfigurations = (
				045FE01F2A8C580300F957C7 /* Debug */,
				045FE0202A8C580300F957C7 /* Release */,
			);
			defaultConfigurationIsVisible = 0;
			defaultConfigurationName = Release;
		};
		045FE0212A8C580300F957C7 /* Build configuration list for PBXNativeTarget "PolyvIOSMediaPlayerDemo" */ = {
			isa = XCConfigurationList;
			buildConfigurations = (
				045FE0222A8C580300F957C7 /* Debug */,
				045FE0232A8C580300F957C7 /* Release */,
			);
			defaultConfigurationIsVisible = 0;
			defaultConfigurationName = Release;
		};
/* End XCConfigurationList section */
	};
	rootObject = 045FE0002A8C580200F957C7 /* Project object */;
}
