PODS:
  - MJRefresh (3.5.0)
  - PLVAliHttpDNS (1.10.0):
    - PLVAliHttpDNS/AlicloudHttpDNS (= 1.10.0)
    - PLVAliHttpDNS/AlicloudUtils (= 1.10.0)
    - PLVAliHttpDNS/UTDID (= 1.10.0)
  - PLVAliHttpDNS/AlicloudHttpDNS (1.10.0)
  - PLVAliHttpDNS/AlicloudUtils (1.10.0)
  - PLVAliHttpDNS/UTDID (1.10.0)
  - PLVIJKPlayer (0.13.4)
  - PLVTimer (0.0.4)
  - PolyvMediaPlayerSDK (2.1.1):
    - PolyvMediaPlayerSDK/Core (= 2.1.1)
    - PolyvMediaPlayerSDK/Player (= 2.1.1)
    - PolyvMediaPlayerSDK/ThirdPart (= 2.1.1)
  - PolyvMediaPlayerSDK/Core (2.1.1):
    - PLVTimer (~> 0.0.2)
  - PolyvMediaPlayerSDK/Player (2.1.1):
    - PLVIJKPlayer (~> 0.13.4)
  - PolyvMediaPlayerSDK/ThirdPart (2.1.1):
    - PLVAliHttpDNS (~> 1.10.0)
  - SDWebImage (4.4.0):
    - SDWebImage/Core (= 4.4.0)
  - SDWebImage/Core (4.4.0)

DEPENDENCIES:
  - MJRefresh (~> 3.5.0)
  - PolyvMediaPlayerSDK (~> 2.1.1)
  - SDWebImage (= 4.4.0)

SPEC REPOS:
  https://github.com/CocoaPods/Specs.git:
    - MJRefresh
    - PLVAliHttpDNS
    - PLVIJKPlayer
    - PLVTimer
    - PolyvMediaPlayerSDK
    - SDWebImage

SPEC CHECKSUMS:
  MJRefresh: 6afc955813966afb08305477dd7a0d9ad5e79a16
  PLVAliHttpDNS: e968fff888b8e96e51828d76d571a9430367475f
  PLVIJKPlayer: e9dd51f8bb6172bee912854e1fc069fa5914c081
  PLVTimer: 80d2d24d32bb2e9588d089fc25974ff778259ae1
  PolyvMediaPlayerSDK: d1d618b63b9c28ff8ceb2dc0f543c66096fcfff2
  SDWebImage: b534502786e43dde36dfcaee89356fe6df30e203

PODFILE CHECKSUM: d0e2e4ef1ac3eccb5c50b849debf57773e5c62bf

COCOAPODS: 1.11.3
